// !$*UTF8*$!
{
	archiveVersion = 1;
	classes = {
	};
	objectVersion = 50;
	objects = {

/* Begin PBXBuildFile section */
		2296E74A22519D9C000C05BF /* AppDelegate.swift in Sources */ = {isa = PBXBuildFile; fileRef = 2296E74922519D9C000C05BF /* AppDelegate.swift */; };
		2296E74C22519D9C000C05BF /* ViewController.swift in Sources */ = {isa = PBXBuildFile; fileRef = 2296E74B22519D9C000C05BF /* ViewController.swift */; };
		2296E74F22519D9C000C05BF /* Main.storyboard in Resources */ = {isa = PBXBuildFile; fileRef = 2296E74D22519D9C000C05BF /* Main.storyboard */; };
		2296E75122519D9D000C05BF /* Assets.xcassets in Resources */ = {isa = PBXBuildFile; fileRef = 2296E75022519D9D000C05BF /* Assets.xcassets */; };
		2296E75422519D9D000C05BF /* LaunchScreen.storyboard in Resources */ = {isa = PBXBuildFile; fileRef = 2296E75222519D9D000C05BF /* LaunchScreen.storyboard */; };
		2296E75F22519D9D000C05BF /* SwipeeTests.swift in Sources */ = {isa = PBXBuildFile; fileRef = 2296E75E22519D9D000C05BF /* SwipeeTests.swift */; };
		2296E76A22519D9D000C05BF /* SwipeeUITests.swift in Sources */ = {isa = PBXBuildFile; fileRef = 2296E76922519D9D000C05BF /* SwipeeUITests.swift */; };
/* End PBXBuildFile section */

/* Begin PBXContainerItemProxy section */
		2296E75B22519D9D000C05BF /* PBXContainerItemProxy */ = {
			isa = PBXContainerItemProxy;
			containerPortal = 2296E73E22519D9C000C05BF /* Project object */;
			proxyType = 1;
			remoteGlobalIDString = 2296E74522519D9C000C05BF;
			remoteInfo = Swipee;
		};
		2296E76622519D9D000C05BF /* PBXContainerItemProxy */ = {
			isa = PBXContainerItemProxy;
			containerPortal = 2296E73E22519D9C000C05BF /* Project object */;
			proxyType = 1;
			remoteGlobalIDString = 2296E74522519D9C000C05BF;
			remoteInfo = Swipee;
		};
/* End PBXContainerItemProxy section */

/* Begin PBXFileReference section */
		2296E74622519D9C000C05BF /* Swipee.app */ = {isa = PBXFileReference; explicitFileType = wrapper.application; includeInIndex = 0; path = Swipee.app; sourceTree = BUILT_PRODUCTS_DIR; };
		2296E74922519D9C000C05BF /* AppDelegate.swift */ = {isa = PBXFileReference; lastKnownFileType = sourcecode.swift; path = AppDelegate.swift; sourceTree = "<group>"; };
		2296E74B22519D9C000C05BF /* ViewController.swift */ = {isa = PBXFileReference; lastKnownFileType = sourcecode.swift; path = ViewController.swift; sourceTree = "<group>"; };
		2296E74E22519D9C000C05BF /* Base */ = {isa = PBXFileReference; lastKnownFileType = file.storyboard; name = Base; path = Base.lproj/Main.storyboard; sourceTree = "<group>"; };
		2296E75022519D9D000C05BF /* Assets.xcassets */ = {isa = PBXFileReference; lastKnownFileType = folder.assetcatalog; path = Assets.xcassets; sourceTree = "<group>"; };
		2296E75322519D9D000C05BF /* Base */ = {isa = PBXFileReference; lastKnownFileType = file.storyboard; name = Base; path = Base.lproj/LaunchScreen.storyboard; sourceTree = "<group>"; };
		2296E75522519D9D000C05BF /* Info.plist */ = {isa = PBXFileReference; lastKnownFileType = text.plist.xml; path = Info.plist; sourceTree = "<group>"; };
		2296E75A22519D9D000C05BF /* SwipeeTests.xctest */ = {isa = PBXFileReference; explicitFileType = wrapper.cfbundle; includeInIndex = 0; path = SwipeeTests.xctest; sourceTree = BUILT_PRODUCTS_DIR; };
		2296E75E22519D9D000C05BF /* SwipeeTests.swift */ = {isa = PBXFileReference; lastKnownFileType = sourcecode.swift; path = SwipeeTests.swift; sourceTree = "<group>"; };
		2296E76022519D9D000C05BF /* Info.plist */ = {isa = PBXFileReference; lastKnownFileType = text.plist.xml; path = Info.plist; sourceTree = "<group>"; };
		2296E76522519D9D000C05BF /* SwipeeUITests.xctest */ = {isa = PBXFileReference; explicitFileType = wrapper.cfbundle; includeInIndex = 0; path = SwipeeUITests.xctest; sourceTree = BUILT_PRODUCTS_DIR; };
		2296E76922519D9D000C05BF /* SwipeeUITests.swift */ = {isa = PBXFileReference; lastKnownFileType = sourcecode.swift; path = SwipeeUITests.swift; sourceTree = "<group>"; };
		2296E76B22519D9D000C05BF /* Info.plist */ = {isa = PBXFileReference; lastKnownFileType = text.plist.xml; path = Info.plist; sourceTree = "<group>"; };
/* End PBXFileReference section */

/* Begin PBXFrameworksBuildPhase section */
		2296E74322519D9C000C05BF /* Frameworks */ = {
			isa = PBXFrameworksBuildPhase;
			buildActionMask = 2147483647;
			files = (
			);
			runOnlyForDeploymentPostprocessing = 0;
		};
		2296E75722519D9D000C05BF /* Frameworks */ = {
			isa = PBXFrameworksBuildPhase;
			buildActionMask = 2147483647;
			files = (
			);
			runOnlyForDeploymentPostprocessing = 0;
		};
		2296E76222519D9D000C05BF /* Frameworks */ = {
			isa = PBXFrameworksBuildPhase;
			buildActionMask = 2147483647;
			files = (
			);
			runOnlyForDeploymentPostprocessing = 0;
		};
/* End PBXFrameworksBuildPhase section */

/* Begin PBXGroup section */
		2296E73D22519D9C000C05BF = {
			isa = PBXGroup;
			children = (
				2296E74822519D9C000C05BF /* Swipee */,
				2296E75D22519D9D000C05BF /* SwipeeTests */,
				2296E76822519D9D000C05BF /* SwipeeUITests */,
				2296E74722519D9C000C05BF /* Products */,
			);
			sourceTree = "<group>";
		};
		2296E74722519D9C000C05BF /* Products */ = {
			isa = PBXGroup;
			children = (
				2296E74622519D9C000C05BF /* Swipee.app */,
				2296E75A22519D9D000C05BF /* SwipeeTests.xctest */,
				2296E76522519D9D000C05BF /* SwipeeUITests.xctest */,
			);
			name = Products;
			sourceTree = "<group>";
		};
		2296E74822519D9C000C05BF /* Swipee */ = {
			isa = PBXGroup;
			children = (
				2296E74922519D9C000C05BF /* AppDelegate.swift */,
				2296E74B22519D9C000C05BF /* ViewController.swift */,
				2296E74D22519D9C000C05BF /* Main.storyboard */,
				2296E75022519D9D000C05BF /* Assets.xcassets */,
				2296E75222519D9D000C05BF /* LaunchScreen.storyboard */,
				2296E75522519D9D000C05BF /* Info.plist */,
			);
			path = Swipee;
			sourceTree = "<group>";
		};
		2296E75D22519D9D000C05BF /* SwipeeTests */ = {
			isa = PBXGroup;
			children = (
				2296E75E22519D9D000C05BF /* SwipeeTests.swift */,
				2296E76022519D9D000C05BF /* Info.plist */,
			);
			path = SwipeeTests;
			sourceTree = "<group>";
		};
		2296E76822519D9D000C05BF /* SwipeeUITests */ = {
			isa = PBXGroup;
			children = (
				2296E76922519D9D000C05BF /* SwipeeUITests.swift */,
				2296E76B22519D9D000C05BF /* Info.plist */,
			);
			path = SwipeeUITests;
			sourceTree = "<group>";
		};
/* End PBXGroup section */

/* Begin PBXNativeTarget section */
		2296E74522519D9C000C05BF /* Swipee */ = {
			isa = PBXNativeTarget;
			buildConfigurationList = 2296E76E22519D9D000C05BF /* Build configuration list for PBXNativeTarget "Swipee" */;
			buildPhases = (
				2296E74222519D9C000C05BF /* Sources */,
				2296E74322519D9C000C05BF /* Frameworks */,
				2296E74422519D9C000C05BF /* Resources */,
			);
			buildRules = (
			);
			dependencies = (
			);
			name = Swipee;
			productName = Swipee;
			productReference = 2296E74622519D9C000C05BF /* Swipee.app */;
			productType = "com.apple.product-type.application";
		};
		2296E75922519D9D000C05BF /* SwipeeTests */ = {
			isa = PBXNativeTarget;
			buildConfigurationList = 2296E77122519D9D000C05BF /* Build configuration list for PBXNativeTarget "SwipeeTests" */;
			buildPhases = (
				2296E75622519D9D000C05BF /* Sources */,
				2296E75722519D9D000C05BF /* Frameworks */,
				2296E75822519D9D000C05BF /* Resources */,
			);
			buildRules = (
			);
			dependencies = (
				2296E75C22519D9D000C05BF /* PBXTargetDependency */,
			);
			name = SwipeeTests;
			productName = SwipeeTests;
			productReference = 2296E75A22519D9D000C05BF /* SwipeeTests.xctest */;
			productType = "com.apple.product-type.bundle.unit-test";
		};
		2296E76422519D9D000C05BF /* SwipeeUITests */ = {
			isa = PBXNativeTarget;
			buildConfigurationList = 2296E77422519D9D000C05BF /* Build configuration list for PBXNativeTarget "SwipeeUITests" */;
			buildPhases = (
				2296E76122519D9D000C05BF /* Sources */,
				2296E76222519D9D000C05BF /* Frameworks */,
				2296E76322519D9D000C05BF /* Resources */,
			);
			buildRules = (
			);
			dependencies = (
				2296E76722519D9D000C05BF /* PBXTargetDependency */,
			);
			name = SwipeeUITests;
			productName = SwipeeUITests;
			productReference = 2296E76522519D9D000C05BF /* SwipeeUITests.xctest */;
			productType = "com.apple.product-type.bundle.ui-testing";
		};
/* End PBXNativeTarget section */

/* Begin PBXProject section */
		2296E73E22519D9C000C05BF /* Project object */ = {
			isa = PBXProject;
			attributes = {
				LastSwiftUpdateCheck = 1010;
				LastUpgradeCheck = 1010;
				ORGANIZATIONNAME = "N Richard";
				TargetAttributes = {
					2296E74522519D9C000C05BF = {
						CreatedOnToolsVersion = 10.1;
					};
					2296E75922519D9D000C05BF = {
						CreatedOnToolsVersion = 10.1;
						TestTargetID = 2296E74522519D9C000C05BF;
					};
					2296E76422519D9D000C05BF = {
						CreatedOnToolsVersion = 10.1;
						TestTargetID = 2296E74522519D9C000C05BF;
					};
				};
			};
			buildConfigurationList = 2296E74122519D9C000C05BF /* Build configuration list for PBXProject "Swipee" */;
			compatibilityVersion = "Xcode 9.3";
			developmentRegion = en;
			hasScannedForEncodings = 0;
			knownRegions = (
				en,
				Base,
			);
			mainGroup = 2296E73D22519D9C000C05BF;
			productRefGroup = 2296E74722519D9C000C05BF /* Products */;
			projectDirPath = "";
			projectRoot = "";
			targets = (
				2296E74522519D9C000C05BF /* Swipee */,
				2296E75922519D9D000C05BF /* SwipeeTests */,
				2296E76422519D9D000C05BF /* SwipeeUITests */,
			);
		};
/* End PBXProject section */

/* Begin PBXResourcesBuildPhase section */
		2296E74422519D9C000C05BF /* Resources */ = {
			isa = PBXResourcesBuildPhase;
			buildActionMask = 2147483647;
			files = (
				2296E75422519D9D000C05BF /* LaunchScreen.storyboard in Resources */,
				2296E75122519D9D000C05BF /* Assets.xcassets in Resources */,
				2296E74F22519D9C000C05BF /* Main.storyboard in Resources */,
			);
			runOnlyForDeploymentPostprocessing = 0;
		};
		2296E75822519D9D000C05BF /* Resources */ = {
			isa = PBXResourcesBuildPhase;
			buildActionMask = 2147483647;
			files = (
			);
			runOnlyForDeploymentPostprocessing = 0;
		};
		2296E76322519D9D000C05BF /* Resources */ = {
			isa = PBXResourcesBuildPhase;
			buildActionMask = 2147483647;
			files = (
			);
			runOnlyForDeploymentPostprocessing = 0;
		};
/* End PBXResourcesBuildPhase section */

/* Begin PBXSourcesBuildPhase section */
		2296E74222519D9C000C05BF /* Sources */ = {
			isa = PBXSourcesBuildPhase;
			buildActionMask = 2147483647;
			files = (
				2296E74C22519D9C000C05BF /* ViewController.swift in Sources */,
				2296E74A22519D9C000C05BF /* AppDelegate.swift in Sources */,
			);
			runOnlyForDeploymentPostprocessing = 0;
		};
		2296E75622519D9D000C05BF /* Sources */ = {
			isa = PBXSourcesBuildPhase;
			buildActionMask = 2147483647;
			files = (
				2296E75F22519D9D000C05BF /* SwipeeTests.swift in Sources */,
			);
			runOnlyForDeploymentPostprocessing = 0;
		};
		2296E76122519D9D000C05BF /* Sources */ = {
			isa = PBXSourcesBuildPhase;
			buildActionMask = 2147483647;
			files = (
				2296E76A22519D9D000C05BF /* SwipeeUITests.swift in Sources */,
			);
			runOnlyForDeploymentPostprocessing = 0;
		};
/* End PBXSourcesBuildPhase section */

/* Begin PBXTargetDependency section */
		2296E75C22519D9D000C05BF /* PBXTargetDependency */ = {
			isa = PBXTargetDependency;
			target = 2296E74522519D9C000C05BF /* Swipee */;
			targetProxy = 2296E75B22519D9D000C05BF /* PBXContainerItemProxy */;
		};
		2296E76722519D9D000C05BF /* PBXTargetDependency */ = {
			isa = PBXTargetDependency;
			target = 2296E74522519D9C000C05BF /* Swipee */;
			targetProxy = 2296E76622519D9D000C05BF /* PBXContainerItemProxy */;
		};
/* End PBXTargetDependency section */

/* Begin PBXVariantGroup section */
		2296E74D22519D9C000C05BF /* Main.storyboard */ = {
			isa = PBXVariantGroup;
			children = (
				2296E74E22519D9C000C05BF /* Base */,
			);
			name = Main.storyboard;
			sourceTree = "<group>";
		};
		2296E75222519D9D000C05BF /* LaunchScreen.storyboard */ = {
			isa = PBXVariantGroup;
			children = (
				2296E75322519D9D000C05BF /* Base */,
			);
			name = LaunchScreen.storyboard;
			sourceTree = "<group>";
		};
/* End PBXVariantGroup section */

/* Begin XCBuildConfiguration section */
		2296E76C22519D9D000C05BF /* Debug */ = {
			isa = XCBuildConfiguration;
			buildSettings = {
				ALWAYS_SEARCH_USER_PATHS = NO;
				CLANG_ANALYZER_NONNULL = YES;
				CLANG_ANALYZER_NUMBER_OBJECT_CONVERSION = YES_AGGRESSIVE;
				CLANG_CXX_LANGUAGE_STANDARD = "gnu++14";
				CLANG_CXX_LIBRARY = "libc++";
				CLANG_ENABLE_MODULES = YES;
				CLANG_ENABLE_OBJC_ARC = YES;
				CLANG_ENABLE_OBJC_WEAK = YES;
				CLANG_WARN_BLOCK_CAPTURE_AUTORELEASING = YES;
				CLANG_WARN_BOOL_CONVERSION = YES;
				CLANG_WARN_COMMA = YES;
				CLANG_WARN_CONSTANT_CONVERSION = YES;
				CLANG_WARN_DEPRECATED_OBJC_IMPLEMENTATIONS = YES;
				CLANG_WARN_DIRECT_OBJC_ISA_USAGE = YES_ERROR;
				CLANG_WARN_DOCUMENTATION_COMMENTS = YES;
				CLANG_WARN_EMPTY_BODY = YES;
				CLANG_WARN_ENUM_CONVERSION = YES;
				CLANG_WARN_INFINITE_RECURSION = YES;
				CLANG_WARN_INT_CONVERSION = YES;
				CLANG_WARN_NON_LITERAL_NULL_CONVERSION = YES;
				CLANG_WARN_OBJC_IMPLICIT_RETAIN_SELF = YES;
				CLANG_WARN_OBJC_LITERAL_CONVERSION = YES;
				CLANG_WARN_OBJC_ROOT_CLASS = YES_ERROR;
				CLANG_WARN_RANGE_LOOP_ANALYSIS = YES;
				CLANG_WARN_STRICT_PROTOTYPES = YES;
				CLANG_WARN_SUSPICIOUS_MOVE = YES;
				CLANG_WARN_UNGUARDED_AVAILABILITY = YES_AGGRESSIVE;
				CLANG_WARN_UNREACHABLE_CODE = YES;
				CLANG_WARN__DUPLICATE_METHOD_MATCH = YES;
				CODE_SIGN_IDENTITY = "iPhone Developer";
				COPY_PHASE_STRIP = NO;
				DEBUG_INFORMATION_FORMAT = dwarf;
				ENABLE_STRICT_OBJC_MSGSEND = YES;
				ENABLE_TESTABILITY = YES;
				GCC_C_LANGUAGE_STANDARD = gnu11;
				GCC_DYNAMIC_NO_PIC = NO;
				GCC_NO_COMMON_BLOCKS = YES;
				GCC_OPTIMIZATION_LEVEL = 0;
				GCC_PREPROCESSOR_DEFINITIONS = (
					"DEBUG=1",
					"$(inherited)",
				);
				GCC_WARN_64_TO_32_BIT_CONVERSION = YES;
				GCC_WARN_ABOUT_RETURN_TYPE = YES_ERROR;
				GCC_WARN_UNDECLARED_SELECTOR = YES;
				GCC_WARN_UNINITIALIZED_AUTOS = YES_AGGRESSIVE;
				GCC_WARN_UNUSED_FUNCTION = YES;
				GCC_WARN_UNUSED_VARIABLE = YES;
				IPHONEOS_DEPLOYMENT_TARGET = 12.1;
				MTL_ENABLE_DEBUG_INFO = INCLUDE_SOURCE;
				MTL_FAST_MATH = YES;
				ONLY_ACTIVE_ARCH = YES;
				SDKROOT = iphoneos;
				SWIFT_ACTIVE_COMPILATION_CONDITIONS = DEBUG;
				SWIFT_OPTIMIZATION_LEVEL = "-Onone";
			};
			name = Debug;
		};
		2296E76D22519D9D000C05BF /* Release */ = {
			isa = XCBuildConfiguration;
			buildSettings = {
				ALWAYS_SEARCH_USER_PATHS = NO;
				CLANG_ANALYZER_NONNULL = YES;
				CLANG_ANALYZER_NUMBER_OBJECT_CONVERSION = YES_AGGRESSIVE;
				CLANG_CXX_LANGUAGE_STANDARD = "gnu++14";
				CLANG_CXX_LIBRARY = "libc++";
				CLANG_ENABLE_MODULES = YES;
				CLANG_ENABLE_OBJC_ARC = YES;
				CLANG_ENABLE_OBJC_WEAK = YES;
				CLANG_WARN_BLOCK_CAPTURE_AUTORELEASING = YES;
				CLANG_WARN_BOOL_CONVERSION = YES;
				CLANG_WARN_COMMA = YES;
				CLANG_WARN_CONSTANT_CONVERSION = YES;
				CLANG_WARN_DEPRECATED_OBJC_IMPLEMENTATIONS = YES;
				CLANG_WARN_DIRECT_OBJC_ISA_USAGE = YES_ERROR;
				CLANG_WARN_DOCUMENTATION_COMMENTS = YES;
				CLANG_WARN_EMPTY_BODY = YES;
				CLANG_WARN_ENUM_CONVERSION = YES;
				CLANG_WARN_INFINITE_RECURSION = YES;
				CLANG_WARN_INT_CONVERSION = YES;
				CLANG_WARN_NON_LITERAL_NULL_CONVERSION = YES;
				CLANG_WARN_OBJC_IMPLICIT_RETAIN_SELF = YES;
				CLANG_WARN_OBJC_LITERAL_CONVERSION = YES;
				CLANG_WARN_OBJC_ROOT_CLASS = YES_ERROR;
				CLANG_WARN_RANGE_LOOP_ANALYSIS = YES;
				CLANG_WARN_STRICT_PROTOTYPES = YES;
				CLANG_WARN_SUSPICIOUS_MOVE = YES;
				CLANG_WARN_UNGUARDED_AVAILABILITY = YES_AGGRESSIVE;
				CLANG_WARN_UNREACHABLE_CODE = YES;
				CLANG_WARN__DUPLICATE_METHOD_MATCH = YES;
				CODE_SIGN_IDENTITY = "iPhone Developer";
				COPY_PHASE_STRIP = NO;
				DEBUG_INFORMATION_FORMAT = "dwarf-with-dsym";
				ENABLE_NS_ASSERTIONS = NO;
				ENABLE_STRICT_OBJC_MSGSEND = YES;
				GCC_C_LANGUAGE_STANDARD = gnu11;
				GCC_NO_COMMON_BLOCKS = YES;
				GCC_WARN_64_TO_32_BIT_CONVERSION = YES;
				GCC_WARN_ABOUT_RETURN_TYPE = YES_ERROR;
				GCC_WARN_UNDECLARED_SELECTOR = YES;
				GCC_WARN_UNINITIALIZED_AUTOS = YES_AGGRESSIVE;
				GCC_WARN_UNUSED_FUNCTION = YES;
				GCC_WARN_UNUSED_VARIABLE = YES;
				IPHONEOS_DEPLOYMENT_TARGET = 12.1;
				MTL_ENABLE_DEBUG_INFO = NO;
				MTL_FAST_MATH = YES;
				SDKROOT = iphoneos;
				SWIFT_COMPILATION_MODE = wholemodule;
				SWIFT_OPTIMIZATION_LEVEL = "-O";
				VALIDATE_PRODUCT = YES;
			};
			name = Release;
		};
		2296E76F22519D9D000C05BF /* Debug */ = {
			isa = XCBuildConfiguration;
			buildSettings = {
				ASSETCATALOG_COMPILER_APPICON_NAME = AppIcon;
				CODE_SIGN_STYLE = Automatic;
				DEVELOPMENT_TEAM = C6AQ322Q62;
				INFOPLIST_FILE = Swipee/Info.plist;
				LD_RUNPATH_SEARCH_PATHS = (
					"$(inherited)",
					"@executable_path/Frameworks",
				);
				PRODUCT_BUNDLE_IDENTIFIER = come.byeah.Swipee;
				PRODUCT_NAME = "$(TARGET_NAME)";
				SWIFT_VERSION = 4.2;
				TARGETED_DEVICE_FAMILY = "1,2";
			};
			name = Debug;
		};
		2296E77022519D9D000C05BF /* Release */ = {
			isa = XCBuildConfiguration;
			buildSettings = {
				ASSETCATALOG_COMPILER_APPICON_NAME = AppIcon;
				CODE_SIGN_STYLE = Automatic;
				DEVELOPMENT_TEAM = C6AQ322Q62;
				INFOPLIST_FILE = Swipee/Info.plist;
				LD_RUNPATH_SEARCH_PATHS = (
					"$(inherited)",
					"@executable_path/Frameworks",
				);
				PRODUCT_BUNDLE_IDENTIFIER = come.byeah.Swipee;
				PRODUCT_NAME = "$(TARGET_NAME)";
				SWIFT_VERSION = 4.2;
				TARGETED_DEVICE_FAMILY = "1,2";
			};
			name = Release;
		};
		2296E77222519D9D000C05BF /* Debug */ = {
			isa = XCBuildConfiguration;
			buildSettings = {
				ALWAYS_EMBED_SWIFT_STANDARD_LIBRARIES = YES;
				BUNDLE_LOADER = "$(TEST_HOST)";
				CODE_SIGN_STYLE = Automatic;
				DEVELOPMENT_TEAM = C6AQ322Q62;
				INFOPLIST_FILE = SwipeeTests/Info.plist;
				LD_RUNPATH_SEARCH_PATHS = (
					"$(inherited)",
					"@executable_path/Frameworks",
					"@loader_path/Frameworks",
				);
				PRODUCT_BUNDLE_IDENTIFIER = come.byeah.SwipeeTests;
				PRODUCT_NAME = "$(TARGET_NAME)";
				SWIFT_VERSION = 4.2;
				TARGETED_DEVICE_FAMILY = "1,2";
				TEST_HOST = "$(BUILT_PRODUCTS_DIR)/Swipee.app/Swipee";
			};
			name = Debug;
		};
		2296E77322519D9D000C05BF /* Release */ = {
			isa = XCBuildConfiguration;
			buildSettings = {
				ALWAYS_EMBED_SWIFT_STANDARD_LIBRARIES = YES;
				BUNDLE_LOADER = "$(TEST_HOST)";
				CODE_SIGN_STYLE = Automatic;
				DEVELOPMENT_TEAM = C6AQ322Q62;
				INFOPLIST_FILE = SwipeeTests/Info.plist;
				LD_RUNPATH_SEARCH_PATHS = (
					"$(inherited)",
					"@executable_path/Frameworks",
					"@loader_path/Frameworks",
				);
				PRODUCT_BUNDLE_IDENTIFIER = come.byeah.SwipeeTests;
				PRODUCT_NAME = "$(TARGET_NAME)";
				SWIFT_VERSION = 4.2;
				TARGETED_DEVICE_FAMILY = "1,2";
				TEST_HOST = "$(BUILT_PRODUCTS_DIR)/Swipee.app/Swipee";
			};
			name = Release;
		};
		2296E77522519D9D000C05BF /* Debug */ = {
			isa = XCBuildConfiguration;
			buildSettings = {
				ALWAYS_EMBED_SWIFT_STANDARD_LIBRARIES = YES;
				CODE_SIGN_STYLE = Automatic;
				DEVELOPMENT_TEAM = C6AQ322Q62;
				INFOPLIST_FILE = SwipeeUITests/Info.plist;
				LD_RUNPATH_SEARCH_PATHS = (
					"$(inherited)",
					"@executable_path/Frameworks",
					"@loader_path/Frameworks",
				);
				PRODUCT_BUNDLE_IDENTIFIER = come.byeah.SwipeeUITests;
				PRODUCT_NAME = "$(TARGET_NAME)";
				SWIFT_VERSION = 4.2;
				TARGETED_DEVICE_FAMILY = "1,2";
				TEST_TARGET_NAME = Swipee;
			};
			name = Debug;
		};
		2296E77622519D9D000C05BF /* Release */ = {
			isa = XCBuildConfiguration;
			buildSettings = {
				ALWAYS_EMBED_SWIFT_STANDARD_LIBRARIES = YES;
				CODE_SIGN_STYLE = Automatic;
				DEVELOPMENT_TEAM = C6AQ322Q62;
				INFOPLIST_FILE = SwipeeUITests/Info.plist;
				LD_RUNPATH_SEARCH_PATHS = (
					"$(inherited)",
					"@executable_path/Frameworks",
					"@loader_path/Frameworks",
				);
				PRODUCT_BUNDLE_IDENTIFIER = come.byeah.SwipeeUITests;
				PRODUCT_NAME = "$(TARGET_NAME)";
				SWIFT_VERSION = 4.2;
				TARGETED_DEVICE_FAMILY = "1,2";
				TEST_TARGET_NAME = Swipee;
			};
			name = Release;
		};
/* End XCBuildConfiguration section */

/* Begin XCConfigurationList section */
		2296E74122519D9C000C05BF /* Build configuration list for PBXProject "Swipee" */ = {
			isa = XCConfigurationList;
			buildConfigurations = (
				2296E76C22519D9D000C05BF /* Debug */,
				2296E76D22519D9D000C05BF /* Release */,
			);
			defaultConfigurationIsVisible = 0;
			defaultConfigurationName = Release;
		};
		2296E76E22519D9D000C05BF /* Build configuration list for PBXNativeTarget "Swipee" */ = {
			isa = XCConfigurationList;
			buildConfigurations = (
				2296E76F22519D9D000C05BF /* Debug */,
				2296E77022519D9D000C05BF /* Release */,
			);
			defaultConfigurationIsVisible = 0;
			defaultConfigurationName = Release;
		};
		2296E77122519D9D000C05BF /* Build configuration list for PBXNativeTarget "SwipeeTests" */ = {
			isa = XCConfigurationList;
			buildConfigurations = (
				2296E77222519D9D000C05BF /* Debug */,
				2296E77322519D9D000C05BF /* Release */,
			);
			defaultConfigurationIsVisible = 0;
			defaultConfigurationName = Release;
		};
		2296E77422519D9D000C05BF /* Build configuration list for PBXNativeTarget "SwipeeUITests" */ = {
			isa = XCConfigurationList;
			buildConfigurations = (
				2296E77522519D9D000C05BF /* Debug */,
				2296E77622519D9D000C05BF /* Release */,
			);
			defaultConfigurationIsVisible = 0;
			defaultConfigurationName = Release;
		};
/* End XCConfigurationList section */
	};
	rootObject = 2296E73E22519D9C000C05BF /* Project object */;
}
